
Microsoft Visual Studio Solution File, Format Version 12.00
# Visual Studio Version 17
VisualStudioVersion = 17.2.32630.192
MinimumVisualStudioVersion = 10.0.40219.1
Project("{FAE04EC0-301F-11D3-BF4B-00C04F79EFBC}") = "cnEmpleado2", "cnEmpleado2.csproj", "{4C02257D-B1DD-4DFC-A36C-9AD674A28E2D}"
EndProject
Global
	GlobalSection(SolutionConfigurationPlatforms) = preSolution
		Debug|Any CPU = Debug|Any CPU
		Release|Any CPU = Release|Any CPU
	EndGlobalSection
	GlobalSection(ProjectConfigurationPlatforms) = postSolution
		{4C02257D-B1DD-4DFC-A36C-9AD674A28E2D}.Debug|Any CPU.ActiveCfg = Debug|Any CPU
		{4C02257D-B1DD-4DFC-A36C-9AD674A28E2D}.Debug|Any CPU.Build.0 = Debug|Any CPU
		{4C02257D-B1DD-4DFC-A36C-9AD674A28E2D}.Release|Any CPU.ActiveCfg = Release|Any CPU
		{4C02257D-B1DD-4DFC-A36C-9AD674A28E2D}.Release|Any CPU.Build.0 = Release|Any CPU
	EndGlobalSection
	GlobalSection(SolutionProperties) = preSolution
		HideSolutionNode = FALSE
	EndGlobalSection
	GlobalSection(ExtensibilityGlobals) = postSolution
		SolutionGuid = {F8309944-3C65-4DAF-B25F-07DD7322C461}
	EndGlobalSection
EndGlobal
