
Microsoft Visual Studio Solution File, Format Version 12.00
# Visual Studio Version 17
VisualStudioVersion = 17.2.32630.192
MinimumVisualStudioVersion = 10.0.40219.1
Project("{FAE04EC0-301F-11D3-BF4B-00C04F79EFBC}") = "cnCuadrantes", "cnCuadrantes.csproj", "{FDBB6BE3-80D0-4FC3-8144-268324463D33}"
EndProject
Global
	GlobalSection(SolutionConfigurationPlatforms) = preSolution
		Debug|Any CPU = Debug|Any CPU
		Release|Any CPU = Release|Any CPU
	EndGlobalSection
	GlobalSection(ProjectConfigurationPlatforms) = postSolution
		{FDBB6BE3-80D0-4FC3-8144-268324463D33}.Debug|Any CPU.ActiveCfg = Debug|Any CPU
		{FDBB6BE3-80D0-4FC3-8144-268324463D33}.Debug|Any CPU.Build.0 = Debug|Any CPU
		{FDBB6BE3-80D0-4FC3-8144-268324463D33}.Release|Any CPU.ActiveCfg = Release|Any CPU
		{FDBB6BE3-80D0-4FC3-8144-268324463D33}.Release|Any CPU.Build.0 = Release|Any CPU
	EndGlobalSection
	GlobalSection(SolutionProperties) = preSolution
		HideSolutionNode = FALSE
	EndGlobalSection
	GlobalSection(ExtensibilityGlobals) = postSolution
		SolutionGuid = {76CB267A-B67C-48AE-A9BA-193F477EEE69}
	EndGlobalSection
EndGlobal
